
Microsoft Visual Studio Solution File, Format Version 12.00
# Visual Studio 15
VisualStudioVersion = 15.0.27703.2042
MinimumVisualStudioVersion = 10.0.40219.1
Project("{FAE04EC0-301F-11D3-BF4B-00C04F79EFBC}") = "DotNetFrameworkWebApplication", "DotNetFrameworkWebApplication\DotNetFrameworkWebApplication.csproj", "{48FDA863-63B5-4B72-8473-9610E5C7A0D8}"
EndProject
Project("{FAE04EC0-301F-11D3-BF4B-00C04F79EFBC}") = "DotNetFrameworkWebApplication.Tests", "DotNetFrameworkWebApplication.Tests\DotNetFrameworkWebApplication.Tests.csproj", "{B7EBF35C-4C96-46AD-9F30-0D6B79339BA1}"
EndProject
Global
	GlobalSection(SolutionConfigurationPlatforms) = preSolution
		Debug|Any CPU = Debug|Any CPU
		Release|Any CPU = Release|Any CPU
	EndGlobalSection
	GlobalSection(ProjectConfigurationPlatforms) = postSolution
		{48FDA863-63B5-4B72-8473-9610E5C7A0D8}.Debug|Any CPU.ActiveCfg = Debug|Any CPU
		{48FDA863-63B5-4B72-8473-9610E5C7A0D8}.Debug|Any CPU.Build.0 = Debug|Any CPU
		{48FDA863-63B5-4B72-8473-9610E5C7A0D8}.Release|Any CPU.ActiveCfg = Release|Any CPU
		{48FDA863-63B5-4B72-8473-9610E5C7A0D8}.Release|Any CPU.Build.0 = Release|Any CPU
		{B7EBF35C-4C96-46AD-9F30-0D6B79339BA1}.Debug|Any CPU.ActiveCfg = Debug|Any CPU
		{B7EBF35C-4C96-46AD-9F30-0D6B79339BA1}.Debug|Any CPU.Build.0 = Debug|Any CPU
		{B7EBF35C-4C96-46AD-9F30-0D6B79339BA1}.Release|Any CPU.ActiveCfg = Release|Any CPU
		{B7EBF35C-4C96-46AD-9F30-0D6B79339BA1}.Release|Any CPU.Build.0 = Release|Any CPU
	EndGlobalSection
	GlobalSection(SolutionProperties) = preSolution
		HideSolutionNode = FALSE
	EndGlobalSection
	GlobalSection(ExtensibilityGlobals) = postSolution
		SolutionGuid = {93AE8827-8523-4262-8A68-92A3322C5A57}
	EndGlobalSection
EndGlobal
